
Microsoft Visual Studio Solution File, Format Version 12.00
# Visual Studio Version 17
VisualStudioVersion = 17.8.34330.188
MinimumVisualStudioVersion = 10.0.40219.1
Project("{FAE04EC0-301F-11D3-BF4B-00C04F79EFBC}") = "BlogProject", "BlogProject\BlogProject.csproj", "{F8A839E7-B685-4197-96C5-AA0EE1D7CBD2}"
EndProject
Global
	GlobalSection(SolutionConfigurationPlatforms) = preSolution
		Debug|Any CPU = Debug|Any CPU
		Release|Any CPU = Release|Any CPU
	EndGlobalSection
	GlobalSection(ProjectConfigurationPlatforms) = postSolution
		{F8A839E7-B685-4197-96C5-AA0EE1D7CBD2}.Debug|Any CPU.ActiveCfg = Debug|Any CPU
		{F8A839E7-B685-4197-96C5-AA0EE1D7CBD2}.Debug|Any CPU.Build.0 = Debug|Any CPU
		{F8A839E7-B685-4197-96C5-AA0EE1D7CBD2}.Release|Any CPU.ActiveCfg = Release|Any CPU
		{F8A839E7-B685-4197-96C5-AA0EE1D7CBD2}.Release|Any CPU.Build.0 = Release|Any CPU
	EndGlobalSection
	GlobalSection(SolutionProperties) = preSolution
		HideSolutionNode = FALSE
	EndGlobalSection
	GlobalSection(ExtensibilityGlobals) = postSolution
		SolutionGuid = {1254CBEF-47D5-46CF-BA25-56CDCABB948B}
	EndGlobalSection
EndGlobal
